
Microsoft Visual Studio Solution File, Format Version 12.00
# Visual Studio Version 16
VisualStudioVersion = 16.0.31129.286
MinimumVisualStudioVersion = 10.0.40219.1
Project("{FAE04EC0-301F-11D3-BF4B-00C04F79EFBC}") = "Classwork", "Classwork\Classwork.csproj", "{58894F30-C5AD-43D2-8F24-87C172A7F8BE}"
EndProject
Global
	GlobalSection(SolutionConfigurationPlatforms) = preSolution
		Debug|Any CPU = Debug|Any CPU
		Release|Any CPU = Release|Any CPU
	EndGlobalSection
	GlobalSection(ProjectConfigurationPlatforms) = postSolution
		{58894F30-C5AD-43D2-8F24-87C172A7F8BE}.Debug|Any CPU.ActiveCfg = Debug|Any CPU
		{58894F30-C5AD-43D2-8F24-87C172A7F8BE}.Debug|Any CPU.Build.0 = Debug|Any CPU
		{58894F30-C5AD-43D2-8F24-87C172A7F8BE}.Release|Any CPU.ActiveCfg = Release|Any CPU
		{58894F30-C5AD-43D2-8F24-87C172A7F8BE}.Release|Any CPU.Build.0 = Release|Any CPU
	EndGlobalSection
	GlobalSection(SolutionProperties) = preSolution
		HideSolutionNode = FALSE
	EndGlobalSection
	GlobalSection(ExtensibilityGlobals) = postSolution
		SolutionGuid = {DDB9AD17-09BB-4131-B1F8-60AB9D9A18A4}
	EndGlobalSection
EndGlobal
